
Microsoft Visual Studio Solution File, Format Version 12.00
# Visual Studio Version 16
VisualStudioVersion = 16.0.808.4
MinimumVisualStudioVersion = 10.0.40219.1
Project("{FAE04EC0-301F-11D3-BF4B-00C04F79EFBC}") = "Messenger", "Messenger\Messenger.csproj", "{16801B46-DAF9-45EF-9B2E-C5A1AA35512D}"
EndProject
Global
	GlobalSection(SolutionConfigurationPlatforms) = preSolution
		Debug|Any CPU = Debug|Any CPU
		Release|Any CPU = Release|Any CPU
	EndGlobalSection
	GlobalSection(ProjectConfigurationPlatforms) = postSolution
		{16801B46-DAF9-45EF-9B2E-C5A1AA35512D}.Debug|Any CPU.ActiveCfg = Debug|Any CPU
		{16801B46-DAF9-45EF-9B2E-C5A1AA35512D}.Debug|Any CPU.Build.0 = Debug|Any CPU
		{16801B46-DAF9-45EF-9B2E-C5A1AA35512D}.Release|Any CPU.ActiveCfg = Release|Any CPU
		{16801B46-DAF9-45EF-9B2E-C5A1AA35512D}.Release|Any CPU.Build.0 = Release|Any CPU
	EndGlobalSection
	GlobalSection(SolutionProperties) = preSolution
		HideSolutionNode = FALSE
	EndGlobalSection
	GlobalSection(ExtensibilityGlobals) = postSolution
		SolutionGuid = {E6243580-DA74-4B1E-B5E2-ED2261D0CC1F}
	EndGlobalSection
EndGlobal
